
Microsoft Visual Studio Solution File, Format Version 12.00
# Visual Studio Version 17
VisualStudioVersion = 17.5.002.0
MinimumVisualStudioVersion = 10.0.40219.1
Project("{9A19103F-16F7-4668-BE54-9A1E7A4F7556}") = "ContestantsApi", "ContestantsApi.csproj", "{D04C68CA-F282-4EE1-8952-A75D8424C41A}"
EndProject
Global
	GlobalSection(SolutionConfigurationPlatforms) = preSolution
		Debug|Any CPU = Debug|Any CPU
		Release|Any CPU = Release|Any CPU
	EndGlobalSection
	GlobalSection(ProjectConfigurationPlatforms) = postSolution
		{D04C68CA-F282-4EE1-8952-A75D8424C41A}.Debug|Any CPU.ActiveCfg = Debug|Any CPU
		{D04C68CA-F282-4EE1-8952-A75D8424C41A}.Debug|Any CPU.Build.0 = Debug|Any CPU
		{D04C68CA-F282-4EE1-8952-A75D8424C41A}.Release|Any CPU.ActiveCfg = Release|Any CPU
		{D04C68CA-F282-4EE1-8952-A75D8424C41A}.Release|Any CPU.Build.0 = Release|Any CPU
	EndGlobalSection
	GlobalSection(SolutionProperties) = preSolution
		HideSolutionNode = FALSE
	EndGlobalSection
	GlobalSection(ExtensibilityGlobals) = postSolution
		SolutionGuid = {1036E750-86E3-4F49-9D94-D9402A2BD3E3}
	EndGlobalSection
EndGlobal
